
Microsoft Visual Studio Solution File, Format Version 12.00
# Visual Studio Version 17
VisualStudioVersion = 17.2.32526.322
MinimumVisualStudioVersion = 10.0.40219.1
Project("{2150E333-8FDC-42A3-9474-1A3956D46DE8}") = "src", "src", "{F9CABDF8-6631-4152-8FE5-FC420B612C48}"
EndProject
Project("{9A19103F-16F7-4668-BE54-9A1E7A4F7556}") = "ParanaBanco.Service.Customers.Application", "src\ParanaBanco.Service.Customers.Application\ParanaBanco.Service.Customers.Application.csproj", "{4E0DFD6A-CA08-426B-93F3-3F87EA7F85EE}"
EndProject
Project("{9A19103F-16F7-4668-BE54-9A1E7A4F7556}") = "ParanaBanco.Service.Customers.Domain", "src\ParanaBanco.Service.Customers.Domain\ParanaBanco.Service.Customers.Domain.csproj", "{87542B3D-79AF-44F3-B7D8-55626065B984}"
EndProject
Project("{9A19103F-16F7-4668-BE54-9A1E7A4F7556}") = "ParanaBanco.Service.Customers.Infrastructure", "src\ParanaBanco.Service.Customers.Infrastructure\ParanaBanco.Service.Customers.Infrastructure.csproj", "{E9A1E886-1CDA-402E-8621-E77F5CC7B79A}"
EndProject
Project("{2150E333-8FDC-42A3-9474-1A3956D46DE8}") = "tests", "tests", "{D050A580-05AD-450A-A812-8902404C1DFB}"
EndProject
Project("{9A19103F-16F7-4668-BE54-9A1E7A4F7556}") = "ParanaBanco.Service.Customers.Api", "src\ParanaBanco.Service.Customers.Api\ParanaBanco.Service.Customers.Api.csproj", "{05C4C2CE-6ABE-4D3F-B36E-5746CBA9300E}"
EndProject
Project("{FAE04EC0-301F-11D3-BF4B-00C04F79EFBC}") = "ParanaBanco.Service.Customers.Domain.Tests", "tests\ParanaBanco.Service.Customers.Domain.Tests\ParanaBanco.Service.Customers.Domain.Tests.csproj", "{26E98D01-8D9F-46D3-BB3F-B412BD7C62F3}"
EndProject
Project("{FAE04EC0-301F-11D3-BF4B-00C04F79EFBC}") = "ParanaBanco.Service.Customers.Infrastructure.Tests", "tests\ParanaBanco.Service.Customers.Infrastructure.Tests\ParanaBanco.Service.Customers.Infrastructure.Tests.csproj", "{F9DBE2B7-0D46-4C65-953E-2BC189FEFE19}"
EndProject
Project("{FAE04EC0-301F-11D3-BF4B-00C04F79EFBC}") = "ParanaBanco.Service.Customers.Application.Tests", "tests\ParanaBanco.Service.Customers.Application.Tests\ParanaBanco.Service.Customers.Application.Tests.csproj", "{887C7211-F749-4996-ACB6-8F384B19E8DA}"
EndProject
Global
	GlobalSection(SolutionConfigurationPlatforms) = preSolution
		Debug|Any CPU = Debug|Any CPU
		Release|Any CPU = Release|Any CPU
	EndGlobalSection
	GlobalSection(ProjectConfigurationPlatforms) = postSolution
		{4E0DFD6A-CA08-426B-93F3-3F87EA7F85EE}.Debug|Any CPU.ActiveCfg = Debug|Any CPU
		{4E0DFD6A-CA08-426B-93F3-3F87EA7F85EE}.Debug|Any CPU.Build.0 = Debug|Any CPU
		{4E0DFD6A-CA08-426B-93F3-3F87EA7F85EE}.Release|Any CPU.ActiveCfg = Release|Any CPU
		{4E0DFD6A-CA08-426B-93F3-3F87EA7F85EE}.Release|Any CPU.Build.0 = Release|Any CPU
		{87542B3D-79AF-44F3-B7D8-55626065B984}.Debug|Any CPU.ActiveCfg = Debug|Any CPU
		{87542B3D-79AF-44F3-B7D8-55626065B984}.Debug|Any CPU.Build.0 = Debug|Any CPU
		{87542B3D-79AF-44F3-B7D8-55626065B984}.Release|Any CPU.ActiveCfg = Release|Any CPU
		{87542B3D-79AF-44F3-B7D8-55626065B984}.Release|Any CPU.Build.0 = Release|Any CPU
		{E9A1E886-1CDA-402E-8621-E77F5CC7B79A}.Debug|Any CPU.ActiveCfg = Debug|Any CPU
		{E9A1E886-1CDA-402E-8621-E77F5CC7B79A}.Debug|Any CPU.Build.0 = Debug|Any CPU
		{E9A1E886-1CDA-402E-8621-E77F5CC7B79A}.Release|Any CPU.ActiveCfg = Release|Any CPU
		{E9A1E886-1CDA-402E-8621-E77F5CC7B79A}.Release|Any CPU.Build.0 = Release|Any CPU
		{05C4C2CE-6ABE-4D3F-B36E-5746CBA9300E}.Debug|Any CPU.ActiveCfg = Debug|Any CPU
		{05C4C2CE-6ABE-4D3F-B36E-5746CBA9300E}.Debug|Any CPU.Build.0 = Debug|Any CPU
		{05C4C2CE-6ABE-4D3F-B36E-5746CBA9300E}.Release|Any CPU.ActiveCfg = Release|Any CPU
		{05C4C2CE-6ABE-4D3F-B36E-5746CBA9300E}.Release|Any CPU.Build.0 = Release|Any CPU
		{26E98D01-8D9F-46D3-BB3F-B412BD7C62F3}.Debug|Any CPU.ActiveCfg = Debug|Any CPU
		{26E98D01-8D9F-46D3-BB3F-B412BD7C62F3}.Debug|Any CPU.Build.0 = Debug|Any CPU
		{26E98D01-8D9F-46D3-BB3F-B412BD7C62F3}.Release|Any CPU.ActiveCfg = Release|Any CPU
		{26E98D01-8D9F-46D3-BB3F-B412BD7C62F3}.Release|Any CPU.Build.0 = Release|Any CPU
		{F9DBE2B7-0D46-4C65-953E-2BC189FEFE19}.Debug|Any CPU.ActiveCfg = Debug|Any CPU
		{F9DBE2B7-0D46-4C65-953E-2BC189FEFE19}.Debug|Any CPU.Build.0 = Debug|Any CPU
		{F9DBE2B7-0D46-4C65-953E-2BC189FEFE19}.Release|Any CPU.ActiveCfg = Release|Any CPU
		{F9DBE2B7-0D46-4C65-953E-2BC189FEFE19}.Release|Any CPU.Build.0 = Release|Any CPU
		{887C7211-F749-4996-ACB6-8F384B19E8DA}.Debug|Any CPU.ActiveCfg = Debug|Any CPU
		{887C7211-F749-4996-ACB6-8F384B19E8DA}.Debug|Any CPU.Build.0 = Debug|Any CPU
		{887C7211-F749-4996-ACB6-8F384B19E8DA}.Release|Any CPU.ActiveCfg = Release|Any CPU
		{887C7211-F749-4996-ACB6-8F384B19E8DA}.Release|Any CPU.Build.0 = Release|Any CPU
	EndGlobalSection
	GlobalSection(SolutionProperties) = preSolution
		HideSolutionNode = FALSE
	EndGlobalSection
	GlobalSection(NestedProjects) = preSolution
		{4E0DFD6A-CA08-426B-93F3-3F87EA7F85EE} = {F9CABDF8-6631-4152-8FE5-FC420B612C48}
		{87542B3D-79AF-44F3-B7D8-55626065B984} = {F9CABDF8-6631-4152-8FE5-FC420B612C48}
		{E9A1E886-1CDA-402E-8621-E77F5CC7B79A} = {F9CABDF8-6631-4152-8FE5-FC420B612C48}
		{05C4C2CE-6ABE-4D3F-B36E-5746CBA9300E} = {F9CABDF8-6631-4152-8FE5-FC420B612C48}
		{26E98D01-8D9F-46D3-BB3F-B412BD7C62F3} = {D050A580-05AD-450A-A812-8902404C1DFB}
		{F9DBE2B7-0D46-4C65-953E-2BC189FEFE19} = {D050A580-05AD-450A-A812-8902404C1DFB}
		{887C7211-F749-4996-ACB6-8F384B19E8DA} = {D050A580-05AD-450A-A812-8902404C1DFB}
	EndGlobalSection
	GlobalSection(ExtensibilityGlobals) = postSolution
		SolutionGuid = {99DA8F75-99DE-485E-ACC7-A40C77916BA4}
	EndGlobalSection
EndGlobal
